
Microsoft Visual Studio Solution File, Format Version 12.00
# Visual Studio Version 16
VisualStudioVersion = 16.0.30907.101
MinimumVisualStudioVersion = 10.0.40219.1
Project("{FAE04EC0-301F-11D3-BF4B-00C04F79EFBC}") = "Average Calculator", "Average Calculator.csproj", "{6DB22ECF-6A42-4ACD-8110-AC770AC8BB2C}"
EndProject
Global
	GlobalSection(SolutionConfigurationPlatforms) = preSolution
		Debug|Any CPU = Debug|Any CPU
		Release|Any CPU = Release|Any CPU
	EndGlobalSection
	GlobalSection(ProjectConfigurationPlatforms) = postSolution
		{6DB22ECF-6A42-4ACD-8110-AC770AC8BB2C}.Debug|Any CPU.ActiveCfg = Debug|Any CPU
		{6DB22ECF-6A42-4ACD-8110-AC770AC8BB2C}.Debug|Any CPU.Build.0 = Debug|Any CPU
		{6DB22ECF-6A42-4ACD-8110-AC770AC8BB2C}.Release|Any CPU.ActiveCfg = Release|Any CPU
		{6DB22ECF-6A42-4ACD-8110-AC770AC8BB2C}.Release|Any CPU.Build.0 = Release|Any CPU
	EndGlobalSection
	GlobalSection(SolutionProperties) = preSolution
		HideSolutionNode = FALSE
	EndGlobalSection
	GlobalSection(ExtensibilityGlobals) = postSolution
		SolutionGuid = {F3F76551-A619-4D37-B883-4FB1E435DA78}
	EndGlobalSection
EndGlobal
