
Microsoft Visual Studio Solution File, Format Version 12.00
# Visual Studio Version 16
VisualStudioVersion = 16.0.31112.23
MinimumVisualStudioVersion = 10.0.40219.1
Project("{FAE04EC0-301F-11D3-BF4B-00C04F79EFBC}") = "arshAssignment3_002", "arshAssignment3_002.csproj", "{A46CFC34-1BD4-4F24-8847-D86C7BC7186C}"
EndProject
Global
	GlobalSection(SolutionConfigurationPlatforms) = preSolution
		Debug|Any CPU = Debug|Any CPU
		Release|Any CPU = Release|Any CPU
	EndGlobalSection
	GlobalSection(ProjectConfigurationPlatforms) = postSolution
		{A46CFC34-1BD4-4F24-8847-D86C7BC7186C}.Debug|Any CPU.ActiveCfg = Debug|Any CPU
		{A46CFC34-1BD4-4F24-8847-D86C7BC7186C}.Debug|Any CPU.Build.0 = Debug|Any CPU
		{A46CFC34-1BD4-4F24-8847-D86C7BC7186C}.Release|Any CPU.ActiveCfg = Release|Any CPU
		{A46CFC34-1BD4-4F24-8847-D86C7BC7186C}.Release|Any CPU.Build.0 = Release|Any CPU
	EndGlobalSection
	GlobalSection(SolutionProperties) = preSolution
		HideSolutionNode = FALSE
	EndGlobalSection
	GlobalSection(ExtensibilityGlobals) = postSolution
		SolutionGuid = {6512A144-7A88-4AED-A4B3-C84DBF9C89A5}
	EndGlobalSection
EndGlobal
