
Microsoft Visual Studio Solution File, Format Version 12.00
# Visual Studio Version 16
VisualStudioVersion = 16.0.31112.23
MinimumVisualStudioVersion = 10.0.40219.1
Project("{FAE04EC0-301F-11D3-BF4B-00C04F79EFBC}") = "Ques2", "Ques2.csproj", "{19B02D75-912D-4963-8A8B-3C798A38271C}"
EndProject
Global
	GlobalSection(SolutionConfigurationPlatforms) = preSolution
		Debug|Any CPU = Debug|Any CPU
		Release|Any CPU = Release|Any CPU
	EndGlobalSection
	GlobalSection(ProjectConfigurationPlatforms) = postSolution
		{19B02D75-912D-4963-8A8B-3C798A38271C}.Debug|Any CPU.ActiveCfg = Debug|Any CPU
		{19B02D75-912D-4963-8A8B-3C798A38271C}.Debug|Any CPU.Build.0 = Debug|Any CPU
		{19B02D75-912D-4963-8A8B-3C798A38271C}.Release|Any CPU.ActiveCfg = Release|Any CPU
		{19B02D75-912D-4963-8A8B-3C798A38271C}.Release|Any CPU.Build.0 = Release|Any CPU
	EndGlobalSection
	GlobalSection(SolutionProperties) = preSolution
		HideSolutionNode = FALSE
	EndGlobalSection
	GlobalSection(ExtensibilityGlobals) = postSolution
		SolutionGuid = {D1D019A2-0240-4710-B35A-3AAADFEBEA6C}
	EndGlobalSection
EndGlobal
