
Microsoft Visual Studio Solution File, Format Version 12.00
# Visual Studio Version 16
VisualStudioVersion = 16.0.31005.135
MinimumVisualStudioVersion = 10.0.40219.1
Project("{FAE04EC0-301F-11D3-BF4B-00C04F79EFBC}") = "DipanQuery2", "DipanQuery2.csproj", "{BF554940-B252-44B5-B102-EA7F3F700D63}"
EndProject
Global
	GlobalSection(SolutionConfigurationPlatforms) = preSolution
		Debug|Any CPU = Debug|Any CPU
		Release|Any CPU = Release|Any CPU
	EndGlobalSection
	GlobalSection(ProjectConfigurationPlatforms) = postSolution
		{BF554940-B252-44B5-B102-EA7F3F700D63}.Debug|Any CPU.ActiveCfg = Debug|Any CPU
		{BF554940-B252-44B5-B102-EA7F3F700D63}.Debug|Any CPU.Build.0 = Debug|Any CPU
		{BF554940-B252-44B5-B102-EA7F3F700D63}.Release|Any CPU.ActiveCfg = Release|Any CPU
		{BF554940-B252-44B5-B102-EA7F3F700D63}.Release|Any CPU.Build.0 = Release|Any CPU
	EndGlobalSection
	GlobalSection(SolutionProperties) = preSolution
		HideSolutionNode = FALSE
	EndGlobalSection
	GlobalSection(ExtensibilityGlobals) = postSolution
		SolutionGuid = {53D08753-F950-424B-A5D6-29B17697D04E}
	EndGlobalSection
EndGlobal
