
Microsoft Visual Studio Solution File, Format Version 12.00
# Visual Studio Version 16
VisualStudioVersion = 16.0.31019.35
MinimumVisualStudioVersion = 10.0.40219.1
Project("{FAE04EC0-301F-11D3-BF4B-00C04F79EFBC}") = "Puru Query 1", "Puru Query 1.csproj", "{7E1F2956-3341-4B54-97B5-4A3E3E220700}"
EndProject
Global
	GlobalSection(SolutionConfigurationPlatforms) = preSolution
		Debug|Any CPU = Debug|Any CPU
		Release|Any CPU = Release|Any CPU
	EndGlobalSection
	GlobalSection(ProjectConfigurationPlatforms) = postSolution
		{7E1F2956-3341-4B54-97B5-4A3E3E220700}.Debug|Any CPU.ActiveCfg = Debug|Any CPU
		{7E1F2956-3341-4B54-97B5-4A3E3E220700}.Debug|Any CPU.Build.0 = Debug|Any CPU
		{7E1F2956-3341-4B54-97B5-4A3E3E220700}.Release|Any CPU.ActiveCfg = Release|Any CPU
		{7E1F2956-3341-4B54-97B5-4A3E3E220700}.Release|Any CPU.Build.0 = Release|Any CPU
	EndGlobalSection
	GlobalSection(SolutionProperties) = preSolution
		HideSolutionNode = FALSE
	EndGlobalSection
	GlobalSection(ExtensibilityGlobals) = postSolution
		SolutionGuid = {ACCEF204-514C-4FF3-A16F-10EC38B36BD0}
	EndGlobalSection
EndGlobal
